// !$*UTF8*$!
{
	archiveVersion = 1;
	classes = {
	};
	objectVersion = 51;
	objects = {

/* Begin PBXBuildFile section */
		23F3A2944C95F2587797DDCC /* Pods_FindYourPet.framework in Frameworks */ = {isa = PBXBuildFile; fileRef = 01D48A6BF0EC34F17F2D1768 /* Pods_FindYourPet.framework */; };
		77155C5C2656D1CF006E021F /* AppDelegate.swift in Sources */ = {isa = PBXBuildFile; fileRef = 77155C5B2656D1CF006E021F /* AppDelegate.swift */; };
		77155C5E2656D1CF006E021F /* SceneDelegate.swift in Sources */ = {isa = PBXBuildFile; fileRef = 77155C5D2656D1CF006E021F /* SceneDelegate.swift */; };
		77155C602656D1CF006E021F /* LibraryViewController.swift in Sources */ = {isa = PBXBuildFile; fileRef = 77155C5F2656D1CF006E021F /* LibraryViewController.swift */; };
		77155C652656D1D0006E021F /* Assets.xcassets in Resources */ = {isa = PBXBuildFile; fileRef = 77155C642656D1D0006E021F /* Assets.xcassets */; };
		77155C682656D1D0006E021F /* LaunchScreen.storyboard in Resources */ = {isa = PBXBuildFile; fileRef = 77155C662656D1D0006E021F /* LaunchScreen.storyboard */; };
		77155C712656D1E6006E021F /* .gitignore in Resources */ = {isa = PBXBuildFile; fileRef = 77155C702656D1E6006E021F /* .gitignore */; };
		77155C7A2656D956006E021F /* SceneCoordinatorType.swift in Sources */ = {isa = PBXBuildFile; fileRef = 77155C792656D956006E021F /* SceneCoordinatorType.swift */; };
		77155C7D2656D993006E021F /* SceneTransitionType.swift in Sources */ = {isa = PBXBuildFile; fileRef = 77155C7C2656D993006E021F /* SceneTransitionType.swift */; };
		77155C8226589BD8006E021F /* Scene.swift in Sources */ = {isa = PBXBuildFile; fileRef = 77155C8126589BD8006E021F /* Scene.swift */; };
		7754A2F926C93E370087908E /* BreedCollectionViewCell.swift in Sources */ = {isa = PBXBuildFile; fileRef = 7754A2F826C93E370087908E /* BreedCollectionViewCell.swift */; };
		7754A31E26C990A40087908E /* StringWikiApiExtension.swift in Sources */ = {isa = PBXBuildFile; fileRef = 7754A31D26C990A40087908E /* StringWikiApiExtension.swift */; };
		775D9B4F2658CE41004E9BED /* LibraryViewModel.swift in Sources */ = {isa = PBXBuildFile; fileRef = 775D9B4E2658CE41004E9BED /* LibraryViewModel.swift */; };
		775D9B542658D362004E9BED /* WikiAPIProtocol.swift in Sources */ = {isa = PBXBuildFile; fileRef = 775D9B532658D362004E9BED /* WikiAPIProtocol.swift */; };
		775D9B652658D946004E9BED /* BindableType.swift in Sources */ = {isa = PBXBuildFile; fileRef = 775D9B642658D946004E9BED /* BindableType.swift */; };
		775D9B6C26590FCD004E9BED /* SceneCoordinator.swift in Sources */ = {isa = PBXBuildFile; fileRef = 775D9B6B26590FCD004E9BED /* SceneCoordinator.swift */; };
		775D9B7A26591808004E9BED /* UINavigationController+Rx.swift in Sources */ = {isa = PBXBuildFile; fileRef = 775D9B7926591808004E9BED /* UINavigationController+Rx.swift */; };
		775D9B7E26591C72004E9BED /* WikiAPI.swift in Sources */ = {isa = PBXBuildFile; fileRef = 775D9B7D26591C72004E9BED /* WikiAPI.swift */; };
		775D9BA6266126BA004E9BED /* WikiError.swift in Sources */ = {isa = PBXBuildFile; fileRef = 775D9BA5266126BA004E9BED /* WikiError.swift */; };
		775D9BA92663D823004E9BED /* ListOfBreedsModel.swift in Sources */ = {isa = PBXBuildFile; fileRef = 775D9BA82663D823004E9BED /* ListOfBreedsModel.swift */; };
		775D9BB62668F6BC004E9BED /* BreedModel.swift in Sources */ = {isa = PBXBuildFile; fileRef = 775D9BB52668F6BC004E9BED /* BreedModel.swift */; };
		776CF5C12689F28700F97911 /* RootTabViewModel.swift in Sources */ = {isa = PBXBuildFile; fileRef = 776CF5C02689F28700F97911 /* RootTabViewModel.swift */; };
		776CF5C32689F2E800F97911 /* RootTabBarController.swift in Sources */ = {isa = PBXBuildFile; fileRef = 776CF5C22689F2E800F97911 /* RootTabBarController.swift */; };
/* End PBXBuildFile section */

/* Begin PBXFileReference section */
		01D48A6BF0EC34F17F2D1768 /* Pods_FindYourPet.framework */ = {isa = PBXFileReference; explicitFileType = wrapper.framework; includeInIndex = 0; path = Pods_FindYourPet.framework; sourceTree = BUILT_PRODUCTS_DIR; };
		1C9C525A28AA9BDE2EE494BB /* Pods-FindYourPet.release.xcconfig */ = {isa = PBXFileReference; includeInIndex = 1; lastKnownFileType = text.xcconfig; name = "Pods-FindYourPet.release.xcconfig"; path = "Target Support Files/Pods-FindYourPet/Pods-FindYourPet.release.xcconfig"; sourceTree = "<group>"; };
		77155C582656D1CF006E021F /* FindYourPet.app */ = {isa = PBXFileReference; explicitFileType = wrapper.application; includeInIndex = 0; path = FindYourPet.app; sourceTree = BUILT_PRODUCTS_DIR; };
		77155C5B2656D1CF006E021F /* AppDelegate.swift */ = {isa = PBXFileReference; lastKnownFileType = sourcecode.swift; path = AppDelegate.swift; sourceTree = "<group>"; };
		77155C5D2656D1CF006E021F /* SceneDelegate.swift */ = {isa = PBXFileReference; lastKnownFileType = sourcecode.swift; path = SceneDelegate.swift; sourceTree = "<group>"; };
		77155C5F2656D1CF006E021F /* LibraryViewController.swift */ = {isa = PBXFileReference; lastKnownFileType = sourcecode.swift; path = LibraryViewController.swift; sourceTree = "<group>"; };
		77155C642656D1D0006E021F /* Assets.xcassets */ = {isa = PBXFileReference; lastKnownFileType = folder.assetcatalog; path = Assets.xcassets; sourceTree = "<group>"; };
		77155C672656D1D0006E021F /* Base */ = {isa = PBXFileReference; lastKnownFileType = file.storyboard; name = Base; path = Base.lproj/LaunchScreen.storyboard; sourceTree = "<group>"; };
		77155C692656D1D0006E021F /* Info.plist */ = {isa = PBXFileReference; lastKnownFileType = text.plist.xml; path = Info.plist; sourceTree = "<group>"; };
		77155C702656D1E6006E021F /* .gitignore */ = {isa = PBXFileReference; lastKnownFileType = text; path = .gitignore; sourceTree = "<group>"; };
		77155C792656D956006E021F /* SceneCoordinatorType.swift */ = {isa = PBXFileReference; lastKnownFileType = sourcecode.swift; path = SceneCoordinatorType.swift; sourceTree = "<group>"; };
		77155C7C2656D993006E021F /* SceneTransitionType.swift */ = {isa = PBXFileReference; lastKnownFileType = sourcecode.swift; path = SceneTransitionType.swift; sourceTree = "<group>"; };
		77155C8126589BD8006E021F /* Scene.swift */ = {isa = PBXFileReference; lastKnownFileType = sourcecode.swift; path = Scene.swift; sourceTree = "<group>"; };
		7754A2F826C93E370087908E /* BreedCollectionViewCell.swift */ = {isa = PBXFileReference; lastKnownFileType = sourcecode.swift; path = BreedCollectionViewCell.swift; sourceTree = "<group>"; };
		7754A31D26C990A40087908E /* StringWikiApiExtension.swift */ = {isa = PBXFileReference; lastKnownFileType = sourcecode.swift; path = StringWikiApiExtension.swift; sourceTree = "<group>"; };
		775D9B4E2658CE41004E9BED /* LibraryViewModel.swift */ = {isa = PBXFileReference; lastKnownFileType = sourcecode.swift; path = LibraryViewModel.swift; sourceTree = "<group>"; };
		775D9B532658D362004E9BED /* WikiAPIProtocol.swift */ = {isa = PBXFileReference; lastKnownFileType = sourcecode.swift; path = WikiAPIProtocol.swift; sourceTree = "<group>"; };
		775D9B642658D946004E9BED /* BindableType.swift */ = {isa = PBXFileReference; lastKnownFileType = sourcecode.swift; path = BindableType.swift; sourceTree = "<group>"; };
		775D9B6B26590FCD004E9BED /* SceneCoordinator.swift */ = {isa = PBXFileReference; lastKnownFileType = sourcecode.swift; path = SceneCoordinator.swift; sourceTree = "<group>"; };
		775D9B7926591808004E9BED /* UINavigationController+Rx.swift */ = {isa = PBXFileReference; lastKnownFileType = sourcecode.swift; path = "UINavigationController+Rx.swift"; sourceTree = "<group>"; };
		775D9B7D26591C72004E9BED /* WikiAPI.swift */ = {isa = PBXFileReference; lastKnownFileType = sourcecode.swift; path = WikiAPI.swift; sourceTree = "<group>"; };
		775D9BA5266126BA004E9BED /* WikiError.swift */ = {isa = PBXFileReference; lastKnownFileType = sourcecode.swift; path = WikiError.swift; sourceTree = "<group>"; };
		775D9BA82663D823004E9BED /* ListOfBreedsModel.swift */ = {isa = PBXFileReference; lastKnownFileType = sourcecode.swift; path = ListOfBreedsModel.swift; sourceTree = "<group>"; };
		775D9BB52668F6BC004E9BED /* BreedModel.swift */ = {isa = PBXFileReference; lastKnownFileType = sourcecode.swift; path = BreedModel.swift; sourceTree = "<group>"; };
		776CF5C02689F28700F97911 /* RootTabViewModel.swift */ = {isa = PBXFileReference; lastKnownFileType = sourcecode.swift; path = RootTabViewModel.swift; sourceTree = "<group>"; };
		776CF5C22689F2E800F97911 /* RootTabBarController.swift */ = {isa = PBXFileReference; lastKnownFileType = sourcecode.swift; path = RootTabBarController.swift; sourceTree = "<group>"; };
		7E76F0DDEA5F9D87C00C4536 /* Pods-FindYourPet.debug.xcconfig */ = {isa = PBXFileReference; includeInIndex = 1; lastKnownFileType = text.xcconfig; name = "Pods-FindYourPet.debug.xcconfig"; path = "Target Support Files/Pods-FindYourPet/Pods-FindYourPet.debug.xcconfig"; sourceTree = "<group>"; };
/* End PBXFileReference section */

/* Begin PBXFrameworksBuildPhase section */
		77155C552656D1CF006E021F /* Frameworks */ = {
			isa = PBXFrameworksBuildPhase;
			buildActionMask = 2147483647;
			files = (
				23F3A2944C95F2587797DDCC /* Pods_FindYourPet.framework in Frameworks */,
			);
			runOnlyForDeploymentPostprocessing = 0;
		};
/* End PBXFrameworksBuildPhase section */

/* Begin PBXGroup section */
		5662A4BB40C17E7C1C1F7FAE /* Pods */ = {
			isa = PBXGroup;
			children = (
				7E76F0DDEA5F9D87C00C4536 /* Pods-FindYourPet.debug.xcconfig */,
				1C9C525A28AA9BDE2EE494BB /* Pods-FindYourPet.release.xcconfig */,
			);
			path = Pods;
			sourceTree = "<group>";
		};
		77155C4F2656D1CF006E021F = {
			isa = PBXGroup;
			children = (
				77155C702656D1E6006E021F /* .gitignore */,
				77155C5A2656D1CF006E021F /* FindYourPet */,
				77155C592656D1CF006E021F /* Products */,
				5662A4BB40C17E7C1C1F7FAE /* Pods */,
				884A818A626E8F3F6576DDF5 /* Frameworks */,
			);
			sourceTree = "<group>";
		};
		77155C592656D1CF006E021F /* Products */ = {
			isa = PBXGroup;
			children = (
				77155C582656D1CF006E021F /* FindYourPet.app */,
			);
			name = Products;
			sourceTree = "<group>";
		};
		77155C5A2656D1CF006E021F /* FindYourPet */ = {
			isa = PBXGroup;
			children = (
				77155C5B2656D1CF006E021F /* AppDelegate.swift */,
				77155C5D2656D1CF006E021F /* SceneDelegate.swift */,
				775D9B522658D331004E9BED /* Services */,
				775D9B78265917F1004E9BED /* Extension */,
				77155C7F2656D9B7006E021F /* Scenes */,
				775D9B5E2658D64C004E9BED /* Model */,
				775D9B4D2658CDF4004E9BED /* ViewModels */,
				775D9B3E2658C5FF004E9BED /* Controllers */,
				77155C752656D288006E021F /* Assets */,
			);
			path = FindYourPet;
			sourceTree = "<group>";
		};
		77155C752656D288006E021F /* Assets */ = {
			isa = PBXGroup;
			children = (
				77155C642656D1D0006E021F /* Assets.xcassets */,
				77155C662656D1D0006E021F /* LaunchScreen.storyboard */,
				77155C692656D1D0006E021F /* Info.plist */,
			);
			path = Assets;
			sourceTree = "<group>";
		};
		77155C7F2656D9B7006E021F /* Scenes */ = {
			isa = PBXGroup;
			children = (
				77155C8126589BD8006E021F /* Scene.swift */,
				77155C792656D956006E021F /* SceneCoordinatorType.swift */,
				775D9B6B26590FCD004E9BED /* SceneCoordinator.swift */,
				77155C7C2656D993006E021F /* SceneTransitionType.swift */,
			);
			path = Scenes;
			sourceTree = "<group>";
		};
		7754A31C26C9903D0087908E /* Helpers */ = {
			isa = PBXGroup;
			children = (
				7754A31D26C990A40087908E /* StringWikiApiExtension.swift */,
			);
			path = Helpers;
			sourceTree = "<group>";
		};
		7754A31F26CA6E830087908E /* Cells */ = {
			isa = PBXGroup;
			children = (
				7754A2F826C93E370087908E /* BreedCollectionViewCell.swift */,
			);
			path = Cells;
			sourceTree = "<group>";
		};
		775D9B3E2658C5FF004E9BED /* Controllers */ = {
			isa = PBXGroup;
			children = (
				776CF5C22689F2E800F97911 /* RootTabBarController.swift */,
				77155C5F2656D1CF006E021F /* LibraryViewController.swift */,
				7754A31F26CA6E830087908E /* Cells */,
			);
			path = Controllers;
			sourceTree = "<group>";
		};
		775D9B4D2658CDF4004E9BED /* ViewModels */ = {
			isa = PBXGroup;
			children = (
				776CF5C02689F28700F97911 /* RootTabViewModel.swift */,
				775D9B4E2658CE41004E9BED /* LibraryViewModel.swift */,
			);
			path = ViewModels;
			sourceTree = "<group>";
		};
		775D9B522658D331004E9BED /* Services */ = {
			isa = PBXGroup;
			children = (
				7754A31C26C9903D0087908E /* Helpers */,
				775D9B82265920FD004E9BED /* WikiAPIService */,
			);
			path = Services;
			sourceTree = "<group>";
		};
		775D9B5E2658D64C004E9BED /* Model */ = {
			isa = PBXGroup;
			children = (
				775D9B642658D946004E9BED /* BindableType.swift */,
				775D9BA82663D823004E9BED /* ListOfBreedsModel.swift */,
				775D9BB52668F6BC004E9BED /* BreedModel.swift */,
			);
			path = Model;
			sourceTree = "<group>";
		};
		775D9B78265917F1004E9BED /* Extension */ = {
			isa = PBXGroup;
			children = (
				775D9B7926591808004E9BED /* UINavigationController+Rx.swift */,
			);
			path = Extension;
			sourceTree = "<group>";
		};
		775D9B82265920FD004E9BED /* WikiAPIService */ = {
			isa = PBXGroup;
			children = (
				775D9B532658D362004E9BED /* WikiAPIProtocol.swift */,
				775D9B7D26591C72004E9BED /* WikiAPI.swift */,
				775D9BA5266126BA004E9BED /* WikiError.swift */,
			);
			path = WikiAPIService;
			sourceTree = "<group>";
		};
		884A818A626E8F3F6576DDF5 /* Frameworks */ = {
			isa = PBXGroup;
			children = (
				01D48A6BF0EC34F17F2D1768 /* Pods_FindYourPet.framework */,
			);
			name = Frameworks;
			sourceTree = "<group>";
		};
/* End PBXGroup section */

/* Begin PBXNativeTarget section */
		77155C572656D1CF006E021F /* FindYourPet */ = {
			isa = PBXNativeTarget;
			buildConfigurationList = 77155C6C2656D1D0006E021F /* Build configuration list for PBXNativeTarget "FindYourPet" */;
			buildPhases = (
				784C700A666B4AA3E54660CB /* [CP] Check Pods Manifest.lock */,
				77155C542656D1CF006E021F /* Sources */,
				77155C552656D1CF006E021F /* Frameworks */,
				77155C562656D1CF006E021F /* Resources */,
				D4AC02F77E532ABF170F75EE /* [CP] Embed Pods Frameworks */,
			);
			buildRules = (
			);
			dependencies = (
			);
			name = FindYourPet;
			productName = FindYourPet;
			productReference = 77155C582656D1CF006E021F /* FindYourPet.app */;
			productType = "com.apple.product-type.application";
		};
/* End PBXNativeTarget section */

/* Begin PBXProject section */
		77155C502656D1CF006E021F /* Project object */ = {
			isa = PBXProject;
			attributes = {
				LastSwiftUpdateCheck = 1240;
				LastUpgradeCheck = 1240;
				TargetAttributes = {
					77155C572656D1CF006E021F = {
						CreatedOnToolsVersion = 12.4;
					};
				};
			};
			buildConfigurationList = 77155C532656D1CF006E021F /* Build configuration list for PBXProject "FindYourPet" */;
			compatibilityVersion = "Xcode 9.3";
			developmentRegion = en;
			hasScannedForEncodings = 0;
			knownRegions = (
				en,
				Base,
			);
			mainGroup = 77155C4F2656D1CF006E021F;
			productRefGroup = 77155C592656D1CF006E021F /* Products */;
			projectDirPath = "";
			projectRoot = "";
			targets = (
				77155C572656D1CF006E021F /* FindYourPet */,
			);
		};
/* End PBXProject section */

/* Begin PBXResourcesBuildPhase section */
		77155C562656D1CF006E021F /* Resources */ = {
			isa = PBXResourcesBuildPhase;
			buildActionMask = 2147483647;
			files = (
				77155C712656D1E6006E021F /* .gitignore in Resources */,
				77155C682656D1D0006E021F /* LaunchScreen.storyboard in Resources */,
				77155C652656D1D0006E021F /* Assets.xcassets in Resources */,
			);
			runOnlyForDeploymentPostprocessing = 0;
		};
/* End PBXResourcesBuildPhase section */

/* Begin PBXShellScriptBuildPhase section */
		784C700A666B4AA3E54660CB /* [CP] Check Pods Manifest.lock */ = {
			isa = PBXShellScriptBuildPhase;
			buildActionMask = 2147483647;
			files = (
			);
			inputFileListPaths = (
			);
			inputPaths = (
				"${PODS_PODFILE_DIR_PATH}/Podfile.lock",
				"${PODS_ROOT}/Manifest.lock",
			);
			name = "[CP] Check Pods Manifest.lock";
			outputFileListPaths = (
			);
			outputPaths = (
				"$(DERIVED_FILE_DIR)/Pods-FindYourPet-checkManifestLockResult.txt",
			);
			runOnlyForDeploymentPostprocessing = 0;
			shellPath = /bin/sh;
			shellScript = "diff \"${PODS_PODFILE_DIR_PATH}/Podfile.lock\" \"${PODS_ROOT}/Manifest.lock\" > /dev/null\nif [ $? != 0 ] ; then\n    # print error to STDERR\n    echo \"error: The sandbox is not in sync with the Podfile.lock. Run 'pod install' or update your CocoaPods installation.\" >&2\n    exit 1\nfi\n# This output is used by Xcode 'outputs' to avoid re-running this script phase.\necho \"SUCCESS\" > \"${SCRIPT_OUTPUT_FILE_0}\"\n";
			showEnvVarsInLog = 0;
		};
		D4AC02F77E532ABF170F75EE /* [CP] Embed Pods Frameworks */ = {
			isa = PBXShellScriptBuildPhase;
			buildActionMask = 2147483647;
			files = (
			);
			inputFileListPaths = (
				"${PODS_ROOT}/Target Support Files/Pods-FindYourPet/Pods-FindYourPet-frameworks-${CONFIGURATION}-input-files.xcfilelist",
			);
			name = "[CP] Embed Pods Frameworks";
			outputFileListPaths = (
				"${PODS_ROOT}/Target Support Files/Pods-FindYourPet/Pods-FindYourPet-frameworks-${CONFIGURATION}-output-files.xcfilelist",
			);
			runOnlyForDeploymentPostprocessing = 0;
			shellPath = /bin/sh;
			shellScript = "\"${PODS_ROOT}/Target Support Files/Pods-FindYourPet/Pods-FindYourPet-frameworks.sh\"\n";
			showEnvVarsInLog = 0;
		};
/* End PBXShellScriptBuildPhase section */

/* Begin PBXSourcesBuildPhase section */
		77155C542656D1CF006E021F /* Sources */ = {
			isa = PBXSourcesBuildPhase;
			buildActionMask = 2147483647;
			files = (
				775D9B4F2658CE41004E9BED /* LibraryViewModel.swift in Sources */,
				77155C602656D1CF006E021F /* LibraryViewController.swift in Sources */,
				775D9B542658D362004E9BED /* WikiAPIProtocol.swift in Sources */,
				77155C7A2656D956006E021F /* SceneCoordinatorType.swift in Sources */,
				775D9B652658D946004E9BED /* BindableType.swift in Sources */,
				776CF5C32689F2E800F97911 /* RootTabBarController.swift in Sources */,
				77155C8226589BD8006E021F /* Scene.swift in Sources */,
				77155C5C2656D1CF006E021F /* AppDelegate.swift in Sources */,
				775D9B7E26591C72004E9BED /* WikiAPI.swift in Sources */,
				7754A2F926C93E370087908E /* BreedCollectionViewCell.swift in Sources */,
				7754A31E26C990A40087908E /* StringWikiApiExtension.swift in Sources */,
				776CF5C12689F28700F97911 /* RootTabViewModel.swift in Sources */,
				77155C7D2656D993006E021F /* SceneTransitionType.swift in Sources */,
				77155C5E2656D1CF006E021F /* SceneDelegate.swift in Sources */,
				775D9BA92663D823004E9BED /* ListOfBreedsModel.swift in Sources */,
				775D9B7A26591808004E9BED /* UINavigationController+Rx.swift in Sources */,
				775D9BA6266126BA004E9BED /* WikiError.swift in Sources */,
				775D9BB62668F6BC004E9BED /* BreedModel.swift in Sources */,
				775D9B6C26590FCD004E9BED /* SceneCoordinator.swift in Sources */,
			);
			runOnlyForDeploymentPostprocessing = 0;
		};
/* End PBXSourcesBuildPhase section */

/* Begin PBXVariantGroup section */
		77155C662656D1D0006E021F /* LaunchScreen.storyboard */ = {
			isa = PBXVariantGroup;
			children = (
				77155C672656D1D0006E021F /* Base */,
			);
			name = LaunchScreen.storyboard;
			sourceTree = "<group>";
		};
/* End PBXVariantGroup section */

/* Begin XCBuildConfiguration section */
		77155C6A2656D1D0006E021F /* Debug */ = {
			isa = XCBuildConfiguration;
			buildSettings = {
				ALWAYS_SEARCH_USER_PATHS = NO;
				CLANG_ANALYZER_NONNULL = YES;
				CLANG_ANALYZER_NUMBER_OBJECT_CONVERSION = YES_AGGRESSIVE;
				CLANG_CXX_LANGUAGE_STANDARD = "gnu++14";
				CLANG_CXX_LIBRARY = "libc++";
				CLANG_ENABLE_MODULES = YES;
				CLANG_ENABLE_OBJC_ARC = YES;
				CLANG_ENABLE_OBJC_WEAK = YES;
				CLANG_WARN_BLOCK_CAPTURE_AUTORELEASING = YES;
				CLANG_WARN_BOOL_CONVERSION = YES;
				CLANG_WARN_COMMA = YES;
				CLANG_WARN_CONSTANT_CONVERSION = YES;
				CLANG_WARN_DEPRECATED_OBJC_IMPLEMENTATIONS = YES;
				CLANG_WARN_DIRECT_OBJC_ISA_USAGE = YES_ERROR;
				CLANG_WARN_DOCUMENTATION_COMMENTS = YES;
				CLANG_WARN_EMPTY_BODY = YES;
				CLANG_WARN_ENUM_CONVERSION = YES;
				CLANG_WARN_INFINITE_RECURSION = YES;
				CLANG_WARN_INT_CONVERSION = YES;
				CLANG_WARN_NON_LITERAL_NULL_CONVERSION = YES;
				CLANG_WARN_OBJC_IMPLICIT_RETAIN_SELF = YES;
				CLANG_WARN_OBJC_LITERAL_CONVERSION = YES;
				CLANG_WARN_OBJC_ROOT_CLASS = YES_ERROR;
				CLANG_WARN_QUOTED_INCLUDE_IN_FRAMEWORK_HEADER = YES;
				CLANG_WARN_RANGE_LOOP_ANALYSIS = YES;
				CLANG_WARN_STRICT_PROTOTYPES = YES;
				CLANG_WARN_SUSPICIOUS_MOVE = YES;
				CLANG_WARN_UNGUARDED_AVAILABILITY = YES_AGGRESSIVE;
				CLANG_WARN_UNREACHABLE_CODE = YES;
				CLANG_WARN__DUPLICATE_METHOD_MATCH = YES;
				COPY_PHASE_STRIP = NO;
				DEBUG_INFORMATION_FORMAT = dwarf;
				ENABLE_STRICT_OBJC_MSGSEND = YES;
				ENABLE_TESTABILITY = YES;
				GCC_C_LANGUAGE_STANDARD = gnu11;
				GCC_DYNAMIC_NO_PIC = NO;
				GCC_NO_COMMON_BLOCKS = YES;
				GCC_OPTIMIZATION_LEVEL = 0;
				GCC_PREPROCESSOR_DEFINITIONS = (
					"DEBUG=1",
					"$(inherited)",
				);
				GCC_WARN_64_TO_32_BIT_CONVERSION = YES;
				GCC_WARN_ABOUT_RETURN_TYPE = YES_ERROR;
				GCC_WARN_UNDECLARED_SELECTOR = YES;
				GCC_WARN_UNINITIALIZED_AUTOS = YES_AGGRESSIVE;
				GCC_WARN_UNUSED_FUNCTION = YES;
				GCC_WARN_UNUSED_VARIABLE = YES;
				IPHONEOS_DEPLOYMENT_TARGET = 14.4;
				MTL_ENABLE_DEBUG_INFO = INCLUDE_SOURCE;
				MTL_FAST_MATH = YES;
				ONLY_ACTIVE_ARCH = YES;
				SDKROOT = iphoneos;
				SWIFT_ACTIVE_COMPILATION_CONDITIONS = DEBUG;
				SWIFT_OPTIMIZATION_LEVEL = "-Onone";
			};
			name = Debug;
		};
		77155C6B2656D1D0006E021F /* Release */ = {
			isa = XCBuildConfiguration;
			buildSettings = {
				ALWAYS_SEARCH_USER_PATHS = NO;
				CLANG_ANALYZER_NONNULL = YES;
				CLANG_ANALYZER_NUMBER_OBJECT_CONVERSION = YES_AGGRESSIVE;
				CLANG_CXX_LANGUAGE_STANDARD = "gnu++14";
				CLANG_CXX_LIBRARY = "libc++";
				CLANG_ENABLE_MODULES = YES;
				CLANG_ENABLE_OBJC_ARC = YES;
				CLANG_ENABLE_OBJC_WEAK = YES;
				CLANG_WARN_BLOCK_CAPTURE_AUTORELEASING = YES;
				CLANG_WARN_BOOL_CONVERSION = YES;
				CLANG_WARN_COMMA = YES;
				CLANG_WARN_CONSTANT_CONVERSION = YES;
				CLANG_WARN_DEPRECATED_OBJC_IMPLEMENTATIONS = YES;
				CLANG_WARN_DIRECT_OBJC_ISA_USAGE = YES_ERROR;
				CLANG_WARN_DOCUMENTATION_COMMENTS = YES;
				CLANG_WARN_EMPTY_BODY = YES;
				CLANG_WARN_ENUM_CONVERSION = YES;
				CLANG_WARN_INFINITE_RECURSION = YES;
				CLANG_WARN_INT_CONVERSION = YES;
				CLANG_WARN_NON_LITERAL_NULL_CONVERSION = YES;
				CLANG_WARN_OBJC_IMPLICIT_RETAIN_SELF = YES;
				CLANG_WARN_OBJC_LITERAL_CONVERSION = YES;
				CLANG_WARN_OBJC_ROOT_CLASS = YES_ERROR;
				CLANG_WARN_QUOTED_INCLUDE_IN_FRAMEWORK_HEADER = YES;
				CLANG_WARN_RANGE_LOOP_ANALYSIS = YES;
				CLANG_WARN_STRICT_PROTOTYPES = YES;
				CLANG_WARN_SUSPICIOUS_MOVE = YES;
				CLANG_WARN_UNGUARDED_AVAILABILITY = YES_AGGRESSIVE;
				CLANG_WARN_UNREACHABLE_CODE = YES;
				CLANG_WARN__DUPLICATE_METHOD_MATCH = YES;
				COPY_PHASE_STRIP = NO;
				DEBUG_INFORMATION_FORMAT = "dwarf-with-dsym";
				ENABLE_NS_ASSERTIONS = NO;
				ENABLE_STRICT_OBJC_MSGSEND = YES;
				GCC_C_LANGUAGE_STANDARD = gnu11;
				GCC_NO_COMMON_BLOCKS = YES;
				GCC_WARN_64_TO_32_BIT_CONVERSION = YES;
				GCC_WARN_ABOUT_RETURN_TYPE = YES_ERROR;
				GCC_WARN_UNDECLARED_SELECTOR = YES;
				GCC_WARN_UNINITIALIZED_AUTOS = YES_AGGRESSIVE;
				GCC_WARN_UNUSED_FUNCTION = YES;
				GCC_WARN_UNUSED_VARIABLE = YES;
				IPHONEOS_DEPLOYMENT_TARGET = 14.4;
				MTL_ENABLE_DEBUG_INFO = NO;
				MTL_FAST_MATH = YES;
				SDKROOT = iphoneos;
				SWIFT_COMPILATION_MODE = wholemodule;
				SWIFT_OPTIMIZATION_LEVEL = "-O";
				VALIDATE_PRODUCT = YES;
			};
			name = Release;
		};
		77155C6D2656D1D0006E021F /* Debug */ = {
			isa = XCBuildConfiguration;
			baseConfigurationReference = 7E76F0DDEA5F9D87C00C4536 /* Pods-FindYourPet.debug.xcconfig */;
			buildSettings = {
				ASSETCATALOG_COMPILER_APPICON_NAME = AppIcon;
				ASSETCATALOG_COMPILER_GLOBAL_ACCENT_COLOR_NAME = AccentColor;
				CODE_SIGN_STYLE = Automatic;
				DEVELOPMENT_TEAM = CDMM7YYVLS;
				INFOPLIST_FILE = FindYourPet/Assets/Info.plist;
				LD_RUNPATH_SEARCH_PATHS = (
					"$(inherited)",
					"@executable_path/Frameworks",
				);
				PRODUCT_BUNDLE_IDENTIFIER = dmitrii.FindYourPet;
				PRODUCT_NAME = "$(TARGET_NAME)";
				SWIFT_VERSION = 5.0;
				TARGETED_DEVICE_FAMILY = "1,2";
			};
			name = Debug;
		};
		77155C6E2656D1D0006E021F /* Release */ = {
			isa = XCBuildConfiguration;
			baseConfigurationReference = 1C9C525A28AA9BDE2EE494BB /* Pods-FindYourPet.release.xcconfig */;
			buildSettings = {
				ASSETCATALOG_COMPILER_APPICON_NAME = AppIcon;
				ASSETCATALOG_COMPILER_GLOBAL_ACCENT_COLOR_NAME = AccentColor;
				CODE_SIGN_STYLE = Automatic;
				DEVELOPMENT_TEAM = CDMM7YYVLS;
				INFOPLIST_FILE = FindYourPet/Assets/Info.plist;
				LD_RUNPATH_SEARCH_PATHS = (
					"$(inherited)",
					"@executable_path/Frameworks",
				);
				PRODUCT_BUNDLE_IDENTIFIER = dmitrii.FindYourPet;
				PRODUCT_NAME = "$(TARGET_NAME)";
				SWIFT_VERSION = 5.0;
				TARGETED_DEVICE_FAMILY = "1,2";
			};
			name = Release;
		};
/* End XCBuildConfiguration section */

/* Begin XCConfigurationList section */
		77155C532656D1CF006E021F /* Build configuration list for PBXProject "FindYourPet" */ = {
			isa = XCConfigurationList;
			buildConfigurations = (
				77155C6A2656D1D0006E021F /* Debug */,
				77155C6B2656D1D0006E021F /* Release */,
			);
			defaultConfigurationIsVisible = 0;
			defaultConfigurationName = Release;
		};
		77155C6C2656D1D0006E021F /* Build configuration list for PBXNativeTarget "FindYourPet" */ = {
			isa = XCConfigurationList;
			buildConfigurations = (
				77155C6D2656D1D0006E021F /* Debug */,
				77155C6E2656D1D0006E021F /* Release */,
			);
			defaultConfigurationIsVisible = 0;
			defaultConfigurationName = Release;
		};
/* End XCConfigurationList section */
	};
	rootObject = 77155C502656D1CF006E021F /* Project object */;
}
